
Microsoft Visual Studio Solution File, Format Version 12.00
# Visual Studio Version 16
VisualStudioVersion = 16.0.31129.286
MinimumVisualStudioVersion = 10.0.40219.1
Project("{FAE04EC0-301F-11D3-BF4B-00C04F79EFBC}") = "BookStore", "BookStore\BookStore.csproj", "{68EC0646-BACB-472E-92B6-1FA6D718D08D}"
EndProject
Project("{FAE04EC0-301F-11D3-BF4B-00C04F79EFBC}") = "BookStore.Core", "BookStore.Core\BookStore.Core.csproj", "{53A0D9F3-5F2B-456D-A9F5-5CC09D502DC3}"
EndProject
Global
	GlobalSection(SolutionConfigurationPlatforms) = preSolution
		Debug|Any CPU = Debug|Any CPU
		Release|Any CPU = Release|Any CPU
	EndGlobalSection
	GlobalSection(ProjectConfigurationPlatforms) = postSolution
		{68EC0646-BACB-472E-92B6-1FA6D718D08D}.Debug|Any CPU.ActiveCfg = Debug|Any CPU
		{68EC0646-BACB-472E-92B6-1FA6D718D08D}.Debug|Any CPU.Build.0 = Debug|Any CPU
		{68EC0646-BACB-472E-92B6-1FA6D718D08D}.Release|Any CPU.ActiveCfg = Release|Any CPU
		{68EC0646-BACB-472E-92B6-1FA6D718D08D}.Release|Any CPU.Build.0 = Release|Any CPU
		{53A0D9F3-5F2B-456D-A9F5-5CC09D502DC3}.Debug|Any CPU.ActiveCfg = Debug|Any CPU
		{53A0D9F3-5F2B-456D-A9F5-5CC09D502DC3}.Debug|Any CPU.Build.0 = Debug|Any CPU
		{53A0D9F3-5F2B-456D-A9F5-5CC09D502DC3}.Release|Any CPU.ActiveCfg = Release|Any CPU
		{53A0D9F3-5F2B-456D-A9F5-5CC09D502DC3}.Release|Any CPU.Build.0 = Release|Any CPU
	EndGlobalSection
	GlobalSection(SolutionProperties) = preSolution
		HideSolutionNode = FALSE
	EndGlobalSection
	GlobalSection(ExtensibilityGlobals) = postSolution
		SolutionGuid = {012A46E4-35B3-444F-B4E9-487CB8D6D1EE}
	EndGlobalSection
EndGlobal
